
Microsoft Visual Studio Solution File, Format Version 12.00
# Visual Studio Version 16
VisualStudioVersion = 16.0.29709.97
MinimumVisualStudioVersion = 10.0.40219.1
Project("{9A19103F-16F7-4668-BE54-9A1E7A4F7556}") = "StoneSpawn", "StoneSpawn.csproj", "{D0F3ED7E-D228-47BA-9C66-F9CF8ADA194B}"
EndProject
Global
	GlobalSection(SolutionConfigurationPlatforms) = preSolution
		Debug|Any CPU = Debug|Any CPU
		Release|Any CPU = Release|Any CPU
	EndGlobalSection
	GlobalSection(ProjectConfigurationPlatforms) = postSolution
		{D0F3ED7E-D228-47BA-9C66-F9CF8ADA194B}.Debug|Any CPU.ActiveCfg = Debug|Any CPU
		{D0F3ED7E-D228-47BA-9C66-F9CF8ADA194B}.Debug|Any CPU.Build.0 = Debug|Any CPU
		{D0F3ED7E-D228-47BA-9C66-F9CF8ADA194B}.Release|Any CPU.ActiveCfg = Release|Any CPU
		{D0F3ED7E-D228-47BA-9C66-F9CF8ADA194B}.Release|Any CPU.Build.0 = Release|Any CPU
	EndGlobalSection
	GlobalSection(SolutionProperties) = preSolution
		HideSolutionNode = FALSE
	EndGlobalSection
	GlobalSection(ExtensibilityGlobals) = postSolution
		SolutionGuid = {B6E7E81B-8C32-4965-84A9-75C36A1A15B2}
	EndGlobalSection
EndGlobal
